{
  "context_schema_version": "axiona.context-manifest.v1",
  "engineering_repository": "axiona-systems/AXIONA_ENGINE",
  "engineering_sha": "46759393b7bc6cf78e542973c8f5232466166e16",
  "engineering_version": "0.1.0-shadow",
  "profile_schema_version": "axiona.project-profile.v1",
  "schema_version": "axiona.engineering-lock.v1"
}
